// !$*UTF8*$!
{
	archiveVersion = 1;
	classes = {
	};
	objectVersion = 50;
	objects = {

/* Begin PBXBuildFile section */
		3FBE4AF125A0B79800F8572A /* AppDelegate.m in Sources */ = {isa = PBXBuildFile; fileRef = 3FBE4AF025A0B79800F8572A /* AppDelegate.m */; };
		3FBE4AF425A0B79800F8572A /* ViewController.m in Sources */ = {isa = PBXBuildFile; fileRef = 3FBE4AF325A0B79800F8572A /* ViewController.m */; };
		3FBE4AF625A0B79A00F8572A /* Assets.xcassets in Resources */ = {isa = PBXBuildFile; fileRef = 3FBE4AF525A0B79A00F8572A /* Assets.xcassets */; };
		3FBE4AF925A0B79A00F8572A /* Main.storyboard in Resources */ = {isa = PBXBuildFile; fileRef = 3FBE4AF725A0B79A00F8572A /* Main.storyboard */; };
		3FBE4AFC25A0B79A00F8572A /* main.m in Sources */ = {isa = PBXBuildFile; fileRef = 3FBE4AFB25A0B79A00F8572A /* main.m */; };
/* End PBXBuildFile section */

/* Begin PBXFileReference section */
		3FBE4AEC25A0B79800F8572A /* SeedCounter.app */ = {isa = PBXFileReference; explicitFileType = wrapper.application; includeInIndex = 0; path = SeedCounter.app; sourceTree = BUILT_PRODUCTS_DIR; };
		3FBE4AEF25A0B79800F8572A /* AppDelegate.h */ = {isa = PBXFileReference; lastKnownFileType = sourcecode.c.h; path = AppDelegate.h; sourceTree = "<group>"; };
		3FBE4AF025A0B79800F8572A /* AppDelegate.m */ = {isa = PBXFileReference; lastKnownFileType = sourcecode.c.objc; path = AppDelegate.m; sourceTree = "<group>"; };
		3FBE4AF225A0B79800F8572A /* ViewController.h */ = {isa = PBXFileReference; lastKnownFileType = sourcecode.c.h; path = ViewController.h; sourceTree = "<group>"; };
		3FBE4AF325A0B79800F8572A /* ViewController.m */ = {isa = PBXFileReference; lastKnownFileType = sourcecode.c.objc; path = ViewController.m; sourceTree = "<group>"; };
		3FBE4AF525A0B79A00F8572A /* Assets.xcassets */ = {isa = PBXFileReference; lastKnownFileType = folder.assetcatalog; path = Assets.xcassets; sourceTree = "<group>"; };
		3FBE4AF825A0B79A00F8572A /* Base */ = {isa = PBXFileReference; lastKnownFileType = file.storyboard; name = Base; path = Base.lproj/Main.storyboard; sourceTree = "<group>"; };
		3FBE4AFA25A0B79A00F8572A /* Info.plist */ = {isa = PBXFileReference; lastKnownFileType = text.plist.xml; path = Info.plist; sourceTree = "<group>"; };
		3FBE4AFB25A0B79A00F8572A /* main.m */ = {isa = PBXFileReference; lastKnownFileType = sourcecode.c.objc; path = main.m; sourceTree = "<group>"; };
		3FBE4AFD25A0B79A00F8572A /* SeedCounter.entitlements */ = {isa = PBXFileReference; lastKnownFileType = text.plist.entitlements; path = SeedCounter.entitlements; sourceTree = "<group>"; };
/* End PBXFileReference section */

/* Begin PBXFrameworksBuildPhase section */
		3FBE4AE925A0B79800F8572A /* Frameworks */ = {
			isa = PBXFrameworksBuildPhase;
			buildActionMask = 2147483647;
			files = (
			);
			runOnlyForDeploymentPostprocessing = 0;
		};
/* End PBXFrameworksBuildPhase section */

/* Begin PBXGroup section */
		3FBE4AE325A0B79800F8572A = {
			isa = PBXGroup;
			children = (
				3FBE4AEE25A0B79800F8572A /* SeedCounter */,
				3FBE4AED25A0B79800F8572A /* Products */,
			);
			sourceTree = "<group>";
		};
		3FBE4AED25A0B79800F8572A /* Products */ = {
			isa = PBXGroup;
			children = (
				3FBE4AEC25A0B79800F8572A /* SeedCounter.app */,
			);
			name = Products;
			sourceTree = "<group>";
		};
		3FBE4AEE25A0B79800F8572A /* SeedCounter */ = {
			isa = PBXGroup;
			children = (
				3FBE4AEF25A0B79800F8572A /* AppDelegate.h */,
				3FBE4AF025A0B79800F8572A /* AppDelegate.m */,
				3FBE4AF225A0B79800F8572A /* ViewController.h */,
				3FBE4AF325A0B79800F8572A /* ViewController.m */,
				3FBE4AF525A0B79A00F8572A /* Assets.xcassets */,
				3FBE4AF725A0B79A00F8572A /* Main.storyboard */,
				3FBE4AFA25A0B79A00F8572A /* Info.plist */,
				3FBE4AFB25A0B79A00F8572A /* main.m */,
				3FBE4AFD25A0B79A00F8572A /* SeedCounter.entitlements */,
			);
			path = SeedCounter;
			sourceTree = "<group>";
		};
/* End PBXGroup section */

/* Begin PBXNativeTarget section */
		3FBE4AEB25A0B79800F8572A /* SeedCounter */ = {
			isa = PBXNativeTarget;
			buildConfigurationList = 3FBE4B0025A0B79A00F8572A /* Build configuration list for PBXNativeTarget "SeedCounter" */;
			buildPhases = (
				3FBE4AE825A0B79800F8572A /* Sources */,
				3FBE4AE925A0B79800F8572A /* Frameworks */,
				3FBE4AEA25A0B79800F8572A /* Resources */,
			);
			buildRules = (
			);
			dependencies = (
			);
			name = SeedCounter;
			productName = SeedCounter;
			productReference = 3FBE4AEC25A0B79800F8572A /* SeedCounter.app */;
			productType = "com.apple.product-type.application";
		};
/* End PBXNativeTarget section */

/* Begin PBXProject section */
		3FBE4AE425A0B79800F8572A /* Project object */ = {
			isa = PBXProject;
			attributes = {
				LastUpgradeCheck = 1230;
				TargetAttributes = {
					3FBE4AEB25A0B79800F8572A = {
						CreatedOnToolsVersion = 12.3;
					};
				};
			};
			buildConfigurationList = 3FBE4AE725A0B79800F8572A /* Build configuration list for PBXProject "SeedCounter" */;
			compatibilityVersion = "Xcode 9.3";
			developmentRegion = en;
			hasScannedForEncodings = 0;
			knownRegions = (
				en,
				Base,
			);
			mainGroup = 3FBE4AE325A0B79800F8572A;
			productRefGroup = 3FBE4AED25A0B79800F8572A /* Products */;
			projectDirPath = "";
			projectRoot = "";
			targets = (
				3FBE4AEB25A0B79800F8572A /* SeedCounter */,
			);
		};
/* End PBXProject section */

/* Begin PBXResourcesBuildPhase section */
		3FBE4AEA25A0B79800F8572A /* Resources */ = {
			isa = PBXResourcesBuildPhase;
			buildActionMask = 2147483647;
			files = (
				3FBE4AF625A0B79A00F8572A /* Assets.xcassets in Resources */,
				3FBE4AF925A0B79A00F8572A /* Main.storyboard in Resources */,
			);
			runOnlyForDeploymentPostprocessing = 0;
		};
/* End PBXResourcesBuildPhase section */

/* Begin PBXSourcesBuildPhase section */
		3FBE4AE825A0B79800F8572A /* Sources */ = {
			isa = PBXSourcesBuildPhase;
			buildActionMask = 2147483647;
			files = (
				3FBE4AF425A0B79800F8572A /* ViewController.m in Sources */,
				3FBE4AFC25A0B79A00F8572A /* main.m in Sources */,
				3FBE4AF125A0B79800F8572A /* AppDelegate.m in Sources */,
			);
			runOnlyForDeploymentPostprocessing = 0;
		};
/* End PBXSourcesBuildPhase section */

/* Begin PBXVariantGroup section */
		3FBE4AF725A0B79A00F8572A /* Main.storyboard */ = {
			isa = PBXVariantGroup;
			children = (
				3FBE4AF825A0B79A00F8572A /* Base */,
			);
			name = Main.storyboard;
			sourceTree = "<group>";
		};
/* End PBXVariantGroup section */

/* Begin XCBuildConfiguration section */
		3FBE4AFE25A0B79A00F8572A /* Debug */ = {
			isa = XCBuildConfiguration;
			buildSettings = {
				ALWAYS_SEARCH_USER_PATHS = NO;
				CLANG_ANALYZER_NONNULL = YES;
				CLANG_ANALYZER_NUMBER_OBJECT_CONVERSION = YES_AGGRESSIVE;
				CLANG_CXX_LANGUAGE_STANDARD = "gnu++14";
				CLANG_CXX_LIBRARY = "libc++";
				CLANG_ENABLE_MODULES = YES;
				CLANG_ENABLE_OBJC_ARC = YES;
				CLANG_ENABLE_OBJC_WEAK = YES;
				CLANG_WARN_BLOCK_CAPTURE_AUTORELEASING = YES;
				CLANG_WARN_BOOL_CONVERSION = YES;
				CLANG_WARN_COMMA = YES;
				CLANG_WARN_CONSTANT_CONVERSION = YES;
				CLANG_WARN_DEPRECATED_OBJC_IMPLEMENTATIONS = YES;
				CLANG_WARN_DIRECT_OBJC_ISA_USAGE = YES_ERROR;
				CLANG_WARN_DOCUMENTATION_COMMENTS = YES;
				CLANG_WARN_EMPTY_BODY = YES;
				CLANG_WARN_ENUM_CONVERSION = YES;
				CLANG_WARN_INFINITE_RECURSION = YES;
				CLANG_WARN_INT_CONVERSION = YES;
				CLANG_WARN_NON_LITERAL_NULL_CONVERSION = YES;
				CLANG_WARN_OBJC_IMPLICIT_RETAIN_SELF = YES;
				CLANG_WARN_OBJC_LITERAL_CONVERSION = YES;
				CLANG_WARN_OBJC_ROOT_CLASS = YES_ERROR;
				CLANG_WARN_QUOTED_INCLUDE_IN_FRAMEWORK_HEADER = YES;
				CLANG_WARN_RANGE_LOOP_ANALYSIS = YES;
				CLANG_WARN_STRICT_PROTOTYPES = YES;
				CLANG_WARN_SUSPICIOUS_MOVE = YES;
				CLANG_WARN_UNGUARDED_AVAILABILITY = YES_AGGRESSIVE;
				CLANG_WARN_UNREACHABLE_CODE = YES;
				CLANG_WARN__DUPLICATE_METHOD_MATCH = YES;
				COPY_PHASE_STRIP = NO;
				DEBUG_INFORMATION_FORMAT = dwarf;
				ENABLE_STRICT_OBJC_MSGSEND = YES;
				ENABLE_TESTABILITY = YES;
				GCC_C_LANGUAGE_STANDARD = gnu11;
				GCC_DYNAMIC_NO_PIC = NO;
				GCC_NO_COMMON_BLOCKS = YES;
				GCC_OPTIMIZATION_LEVEL = 0;
				GCC_PREPROCESSOR_DEFINITIONS = (
					"DEBUG=1",
					"$(inherited)",
				);
				GCC_WARN_64_TO_32_BIT_CONVERSION = YES;
				GCC_WARN_ABOUT_RETURN_TYPE = YES_ERROR;
				GCC_WARN_UNDECLARED_SELECTOR = YES;
				GCC_WARN_UNINITIALIZED_AUTOS = YES_AGGRESSIVE;
				GCC_WARN_UNUSED_FUNCTION = YES;
				GCC_WARN_UNUSED_VARIABLE = YES;
				MACOSX_DEPLOYMENT_TARGET = 10.15;
				MTL_ENABLE_DEBUG_INFO = INCLUDE_SOURCE;
				MTL_FAST_MATH = YES;
				ONLY_ACTIVE_ARCH = YES;
				SDKROOT = macosx;
			};
			name = Debug;
		};
		3FBE4AFF25A0B79A00F8572A /* Release */ = {
			isa = XCBuildConfiguration;
			buildSettings = {
				ALWAYS_SEARCH_USER_PATHS = NO;
				CLANG_ANALYZER_NONNULL = YES;
				CLANG_ANALYZER_NUMBER_OBJECT_CONVERSION = YES_AGGRESSIVE;
				CLANG_CXX_LANGUAGE_STANDARD = "gnu++14";
				CLANG_CXX_LIBRARY = "libc++";
				CLANG_ENABLE_MODULES = YES;
				CLANG_ENABLE_OBJC_ARC = YES;
				CLANG_ENABLE_OBJC_WEAK = YES;
				CLANG_WARN_BLOCK_CAPTURE_AUTORELEASING = YES;
				CLANG_WARN_BOOL_CONVERSION = YES;
				CLANG_WARN_COMMA = YES;
				CLANG_WARN_CONSTANT_CONVERSION = YES;
				CLANG_WARN_DEPRECATED_OBJC_IMPLEMENTATIONS = YES;
				CLANG_WARN_DIRECT_OBJC_ISA_USAGE = YES_ERROR;
				CLANG_WARN_DOCUMENTATION_COMMENTS = YES;
				CLANG_WARN_EMPTY_BODY = YES;
				CLANG_WARN_ENUM_CONVERSION = YES;
				CLANG_WARN_INFINITE_RECURSION = YES;
				CLANG_WARN_INT_CONVERSION = YES;
				CLANG_WARN_NON_LITERAL_NULL_CONVERSION = YES;
				CLANG_WARN_OBJC_IMPLICIT_RETAIN_SELF = YES;
				CLANG_WARN_OBJC_LITERAL_CONVERSION = YES;
				CLANG_WARN_OBJC_ROOT_CLASS = YES_ERROR;
				CLANG_WARN_QUOTED_INCLUDE_IN_FRAMEWORK_HEADER = YES;
				CLANG_WARN_RANGE_LOOP_ANALYSIS = YES;
				CLANG_WARN_STRICT_PROTOTYPES = YES;
				CLANG_WARN_SUSPICIOUS_MOVE = YES;
				CLANG_WARN_UNGUARDED_AVAILABILITY = YES_AGGRESSIVE;
				CLANG_WARN_UNREACHABLE_CODE = YES;
				CLANG_WARN__DUPLICATE_METHOD_MATCH = YES;
				COPY_PHASE_STRIP = NO;
				DEBUG_INFORMATION_FORMAT = "dwarf-with-dsym";
				ENABLE_NS_ASSERTIONS = NO;
				ENABLE_STRICT_OBJC_MSGSEND = YES;
				GCC_C_LANGUAGE_STANDARD = gnu11;
				GCC_NO_COMMON_BLOCKS = YES;
				GCC_WARN_64_TO_32_BIT_CONVERSION = YES;
				GCC_WARN_ABOUT_RETURN_TYPE = YES_ERROR;
				GCC_WARN_UNDECLARED_SELECTOR = YES;
				GCC_WARN_UNINITIALIZED_AUTOS = YES_AGGRESSIVE;
				GCC_WARN_UNUSED_FUNCTION = YES;
				GCC_WARN_UNUSED_VARIABLE = YES;
				MACOSX_DEPLOYMENT_TARGET = 10.15;
				MTL_ENABLE_DEBUG_INFO = NO;
				MTL_FAST_MATH = YES;
				SDKROOT = macosx;
			};
			name = Release;
		};
		3FBE4B0125A0B79A00F8572A /* Debug */ = {
			isa = XCBuildConfiguration;
			buildSettings = {
				ASSETCATALOG_COMPILER_APPICON_NAME = AppIcon;
				ASSETCATALOG_COMPILER_GLOBAL_ACCENT_COLOR_NAME = AccentColor;
				CODE_SIGN_ENTITLEMENTS = SeedCounter/SeedCounter.entitlements;
				CODE_SIGN_STYLE = Automatic;
				COMBINE_HIDPI_IMAGES = YES;
				DEVELOPMENT_TEAM = JM52XZKNAA;
				ENABLE_HARDENED_RUNTIME = YES;
				INFOPLIST_FILE = SeedCounter/Info.plist;
				LD_RUNPATH_SEARCH_PATHS = (
					"$(inherited)",
					"@executable_path/../Frameworks",
				);
				PRODUCT_BUNDLE_IDENTIFIER = top.uter.SeedCounter;
				PRODUCT_NAME = "$(TARGET_NAME)";
			};
			name = Debug;
		};
		3FBE4B0225A0B79A00F8572A /* Release */ = {
			isa = XCBuildConfiguration;
			buildSettings = {
				ASSETCATALOG_COMPILER_APPICON_NAME = AppIcon;
				ASSETCATALOG_COMPILER_GLOBAL_ACCENT_COLOR_NAME = AccentColor;
				CODE_SIGN_ENTITLEMENTS = SeedCounter/SeedCounter.entitlements;
				CODE_SIGN_STYLE = Automatic;
				COMBINE_HIDPI_IMAGES = YES;
				DEVELOPMENT_TEAM = JM52XZKNAA;
				ENABLE_HARDENED_RUNTIME = YES;
				INFOPLIST_FILE = SeedCounter/Info.plist;
				LD_RUNPATH_SEARCH_PATHS = (
					"$(inherited)",
					"@executable_path/../Frameworks",
				);
				PRODUCT_BUNDLE_IDENTIFIER = top.uter.SeedCounter;
				PRODUCT_NAME = "$(TARGET_NAME)";
			};
			name = Release;
		};
/* End XCBuildConfiguration section */

/* Begin XCConfigurationList section */
		3FBE4AE725A0B79800F8572A /* Build configuration list for PBXProject "SeedCounter" */ = {
			isa = XCConfigurationList;
			buildConfigurations = (
				3FBE4AFE25A0B79A00F8572A /* Debug */,
				3FBE4AFF25A0B79A00F8572A /* Release */,
			);
			defaultConfigurationIsVisible = 0;
			defaultConfigurationName = Release;
		};
		3FBE4B0025A0B79A00F8572A /* Build configuration list for PBXNativeTarget "SeedCounter" */ = {
			isa = XCConfigurationList;
			buildConfigurations = (
				3FBE4B0125A0B79A00F8572A /* Debug */,
				3FBE4B0225A0B79A00F8572A /* Release */,
			);
			defaultConfigurationIsVisible = 0;
			defaultConfigurationName = Release;
		};
/* End XCConfigurationList section */
	};
	rootObject = 3FBE4AE425A0B79800F8572A /* Project object */;
}
